// !$*UTF8*$!
{
	archiveVersion = 1;
	classes = {
	};
	objectVersion = 46;
	objects = {

/* Begin PBXBuildFile section */
		0D3EF2761C0D9E5200CF7073 /* main.m in Sources */ = {isa = PBXBuildFile; fileRef = 0D3EF2751C0D9E5200CF7073 /* main.m */; };
		0D3EF2791C0D9E5200CF7073 /* AppDelegate.m in Sources */ = {isa = PBXBuildFile; fileRef = 0D3EF2781C0D9E5200CF7073 /* AppDelegate.m */; };
		0D3EF27F1C0D9E5200CF7073 /* Main.storyboard in Resources */ = {isa = PBXBuildFile; fileRef = 0D3EF27D1C0D9E5200CF7073 /* Main.storyboard */; };
		0D3EF2811C0D9E5200CF7073 /* Images.xcassets in Resources */ = {isa = PBXBuildFile; fileRef = 0D3EF2801C0D9E5200CF7073 /* Images.xcassets */; };
		0D3EF2841C0D9E5200CF7073 /* LaunchScreen.xib in Resources */ = {isa = PBXBuildFile; fileRef = 0D3EF2821C0D9E5200CF7073 /* LaunchScreen.xib */; };
		0D3EF2901C0D9E5200CF7073 /* SportifyTests.m in Sources */ = {isa = PBXBuildFile; fileRef = 0D3EF28F1C0D9E5200CF7073 /* SportifyTests.m */; };
		0D3EF29E1C0DB21C00CF7073 /* TTNavigationController.m in Sources */ = {isa = PBXBuildFile; fileRef = 0D3EF29D1C0DB21C00CF7073 /* TTNavigationController.m */; };
		0D3EF2A11C0DB22B00CF7073 /* TTBaseViewController.m in Sources */ = {isa = PBXBuildFile; fileRef = 0D3EF2A01C0DB22B00CF7073 /* TTBaseViewController.m */; };
		0D3EF2A51C0DB25000CF7073 /* TTRootViewController.m in Sources */ = {isa = PBXBuildFile; fileRef = 0D3EF2A41C0DB25000CF7073 /* TTRootViewController.m */; };
		0D3EF2A91C0DB2D200CF7073 /* TTLoginViewController.m in Sources */ = {isa = PBXBuildFile; fileRef = 0D3EF2A81C0DB2D200CF7073 /* TTLoginViewController.m */; };
		0D3EF2AC1C0DB2EC00CF7073 /* TTAuthenticateViewController.m in Sources */ = {isa = PBXBuildFile; fileRef = 0D3EF2AB1C0DB2EC00CF7073 /* TTAuthenticateViewController.m */; };
		0D3EF2AF1C0DB30100CF7073 /* TTRegisterViewController.m in Sources */ = {isa = PBXBuildFile; fileRef = 0D3EF2AE1C0DB30100CF7073 /* TTRegisterViewController.m */; };
		0D3EF2B61C0DB80000CF7073 /* TTAddActivityViewController.m in Sources */ = {isa = PBXBuildFile; fileRef = 0D3EF2B51C0DB80000CF7073 /* TTAddActivityViewController.m */; };
		EFC45CF0B84D7E077B6A18C9 /* libPods-Sportify.a in Frameworks */ = {isa = PBXBuildFile; fileRef = A4D0208F66C3288497A1B55B /* libPods-Sportify.a */; };
/* End PBXBuildFile section */

/* Begin PBXContainerItemProxy section */
		0D3EF28A1C0D9E5200CF7073 /* PBXContainerItemProxy */ = {
			isa = PBXContainerItemProxy;
			containerPortal = 0D3EF2681C0D9E5100CF7073 /* Project object */;
			proxyType = 1;
			remoteGlobalIDString = 0D3EF26F1C0D9E5100CF7073;
			remoteInfo = Sportify;
		};
/* End PBXContainerItemProxy section */

/* Begin PBXFileReference section */
		0D3EF2701C0D9E5200CF7073 /* Sportify.app */ = {isa = PBXFileReference; explicitFileType = wrapper.application; includeInIndex = 0; path = Sportify.app; sourceTree = BUILT_PRODUCTS_DIR; };
		0D3EF2741C0D9E5200CF7073 /* Info.plist */ = {isa = PBXFileReference; lastKnownFileType = text.plist.xml; path = Info.plist; sourceTree = "<group>"; };
		0D3EF2751C0D9E5200CF7073 /* main.m */ = {isa = PBXFileReference; lastKnownFileType = sourcecode.c.objc; path = main.m; sourceTree = "<group>"; };
		0D3EF2771C0D9E5200CF7073 /* AppDelegate.h */ = {isa = PBXFileReference; lastKnownFileType = sourcecode.c.h; path = AppDelegate.h; sourceTree = "<group>"; };
		0D3EF2781C0D9E5200CF7073 /* AppDelegate.m */ = {isa = PBXFileReference; lastKnownFileType = sourcecode.c.objc; path = AppDelegate.m; sourceTree = "<group>"; };
		0D3EF27E1C0D9E5200CF7073 /* Base */ = {isa = PBXFileReference; lastKnownFileType = file.storyboard; name = Base; path = Base.lproj/Main.storyboard; sourceTree = "<group>"; };
		0D3EF2801C0D9E5200CF7073 /* Images.xcassets */ = {isa = PBXFileReference; lastKnownFileType = folder.assetcatalog; path = Images.xcassets; sourceTree = "<group>"; };
		0D3EF2831C0D9E5200CF7073 /* Base */ = {isa = PBXFileReference; lastKnownFileType = file.xib; name = Base; path = Base.lproj/LaunchScreen.xib; sourceTree = "<group>"; };
		0D3EF2891C0D9E5200CF7073 /* SportifyTests.xctest */ = {isa = PBXFileReference; explicitFileType = wrapper.cfbundle; includeInIndex = 0; path = SportifyTests.xctest; sourceTree = BUILT_PRODUCTS_DIR; };
		0D3EF28E1C0D9E5200CF7073 /* Info.plist */ = {isa = PBXFileReference; lastKnownFileType = text.plist.xml; path = Info.plist; sourceTree = "<group>"; };
		0D3EF28F1C0D9E5200CF7073 /* SportifyTests.m */ = {isa = PBXFileReference; lastKnownFileType = sourcecode.c.objc; path = SportifyTests.m; sourceTree = "<group>"; };
		0D3EF29C1C0DB21C00CF7073 /* TTNavigationController.h */ = {isa = PBXFileReference; fileEncoding = 4; lastKnownFileType = sourcecode.c.h; path = TTNavigationController.h; sourceTree = "<group>"; };
		0D3EF29D1C0DB21C00CF7073 /* TTNavigationController.m */ = {isa = PBXFileReference; fileEncoding = 4; lastKnownFileType = sourcecode.c.objc; path = TTNavigationController.m; sourceTree = "<group>"; };
		0D3EF29F1C0DB22B00CF7073 /* TTBaseViewController.h */ = {isa = PBXFileReference; fileEncoding = 4; lastKnownFileType = sourcecode.c.h; path = TTBaseViewController.h; sourceTree = "<group>"; };
		0D3EF2A01C0DB22B00CF7073 /* TTBaseViewController.m */ = {isa = PBXFileReference; fileEncoding = 4; lastKnownFileType = sourcecode.c.objc; path = TTBaseViewController.m; sourceTree = "<group>"; };
		0D3EF2A31C0DB25000CF7073 /* TTRootViewController.h */ = {isa = PBXFileReference; fileEncoding = 4; lastKnownFileType = sourcecode.c.h; path = TTRootViewController.h; sourceTree = "<group>"; };
		0D3EF2A41C0DB25000CF7073 /* TTRootViewController.m */ = {isa = PBXFileReference; fileEncoding = 4; lastKnownFileType = sourcecode.c.objc; path = TTRootViewController.m; sourceTree = "<group>"; };
		0D3EF2A71C0DB2D200CF7073 /* TTLoginViewController.h */ = {isa = PBXFileReference; fileEncoding = 4; lastKnownFileType = sourcecode.c.h; path = TTLoginViewController.h; sourceTree = "<group>"; };
		0D3EF2A81C0DB2D200CF7073 /* TTLoginViewController.m */ = {isa = PBXFileReference; fileEncoding = 4; lastKnownFileType = sourcecode.c.objc; path = TTLoginViewController.m; sourceTree = "<group>"; };
		0D3EF2AA1C0DB2EC00CF7073 /* TTAuthenticateViewController.h */ = {isa = PBXFileReference; fileEncoding = 4; lastKnownFileType = sourcecode.c.h; path = TTAuthenticateViewController.h; sourceTree = "<group>"; };
		0D3EF2AB1C0DB2EC00CF7073 /* TTAuthenticateViewController.m */ = {isa = PBXFileReference; fileEncoding = 4; lastKnownFileType = sourcecode.c.objc; path = TTAuthenticateViewController.m; sourceTree = "<group>"; };
		0D3EF2AD1C0DB30100CF7073 /* TTRegisterViewController.h */ = {isa = PBXFileReference; fileEncoding = 4; lastKnownFileType = sourcecode.c.h; path = TTRegisterViewController.h; sourceTree = "<group>"; };
		0D3EF2AE1C0DB30100CF7073 /* TTRegisterViewController.m */ = {isa = PBXFileReference; fileEncoding = 4; lastKnownFileType = sourcecode.c.objc; path = TTRegisterViewController.m; sourceTree = "<group>"; };
		0D3EF2B41C0DB80000CF7073 /* TTAddActivityViewController.h */ = {isa = PBXFileReference; fileEncoding = 4; lastKnownFileType = sourcecode.c.h; path = TTAddActivityViewController.h; sourceTree = "<group>"; };
		0D3EF2B51C0DB80000CF7073 /* TTAddActivityViewController.m */ = {isa = PBXFileReference; fileEncoding = 4; lastKnownFileType = sourcecode.c.objc; path = TTAddActivityViewController.m; sourceTree = "<group>"; };
		3CFB77F97BF6E063210B1AB6 /* Pods-Sportify.release.xcconfig */ = {isa = PBXFileReference; includeInIndex = 1; lastKnownFileType = text.xcconfig; name = "Pods-Sportify.release.xcconfig"; path = "Pods/Target Support Files/Pods-Sportify/Pods-Sportify.release.xcconfig"; sourceTree = "<group>"; };
		A4D0208F66C3288497A1B55B /* libPods-Sportify.a */ = {isa = PBXFileReference; explicitFileType = archive.ar; includeInIndex = 0; path = "libPods-Sportify.a"; sourceTree = BUILT_PRODUCTS_DIR; };
		CA943F2B77B5C92E685142D8 /* Pods-Sportify.debug.xcconfig */ = {isa = PBXFileReference; includeInIndex = 1; lastKnownFileType = text.xcconfig; name = "Pods-Sportify.debug.xcconfig"; path = "Pods/Target Support Files/Pods-Sportify/Pods-Sportify.debug.xcconfig"; sourceTree = "<group>"; };
/* End PBXFileReference section */

/* Begin PBXFrameworksBuildPhase section */
		0D3EF26D1C0D9E5100CF7073 /* Frameworks */ = {
			isa = PBXFrameworksBuildPhase;
			buildActionMask = 2147483647;
			files = (
				EFC45CF0B84D7E077B6A18C9 /* libPods-Sportify.a in Frameworks */,
			);
			runOnlyForDeploymentPostprocessing = 0;
		};
		0D3EF2861C0D9E5200CF7073 /* Frameworks */ = {
			isa = PBXFrameworksBuildPhase;
			buildActionMask = 2147483647;
			files = (
			);
			runOnlyForDeploymentPostprocessing = 0;
		};
/* End PBXFrameworksBuildPhase section */

/* Begin PBXGroup section */
		0D3EF2671C0D9E5100CF7073 = {
			isa = PBXGroup;
			children = (
				0D3EF2721C0D9E5200CF7073 /* Sportify */,
				0D3EF28C1C0D9E5200CF7073 /* SportifyTests */,
				0D3EF2711C0D9E5200CF7073 /* Products */,
				2BE426AB02E1782F857FA9A3 /* Pods */,
				209108DCBA01E86564A08332 /* Frameworks */,
			);
			sourceTree = "<group>";
			usesTabs = 1;
		};
		0D3EF2711C0D9E5200CF7073 /* Products */ = {
			isa = PBXGroup;
			children = (
				0D3EF2701C0D9E5200CF7073 /* Sportify.app */,
				0D3EF2891C0D9E5200CF7073 /* SportifyTests.xctest */,
			);
			name = Products;
			sourceTree = "<group>";
		};
		0D3EF2721C0D9E5200CF7073 /* Sportify */ = {
			isa = PBXGroup;
			children = (
				0D3EF2771C0D9E5200CF7073 /* AppDelegate.h */,
				0D3EF2781C0D9E5200CF7073 /* AppDelegate.m */,
				0D3EF2991C0DB1D100CF7073 /* Classes */,
				0D3EF27D1C0D9E5200CF7073 /* Main.storyboard */,
				0D3EF2801C0D9E5200CF7073 /* Images.xcassets */,
				0D3EF2821C0D9E5200CF7073 /* LaunchScreen.xib */,
				0D3EF2731C0D9E5200CF7073 /* Supporting Files */,
			);
			path = Sportify;
			sourceTree = "<group>";
		};
		0D3EF2731C0D9E5200CF7073 /* Supporting Files */ = {
			isa = PBXGroup;
			children = (
				0D3EF2741C0D9E5200CF7073 /* Info.plist */,
				0D3EF2751C0D9E5200CF7073 /* main.m */,
			);
			name = "Supporting Files";
			sourceTree = "<group>";
		};
		0D3EF28C1C0D9E5200CF7073 /* SportifyTests */ = {
			isa = PBXGroup;
			children = (
				0D3EF28F1C0D9E5200CF7073 /* SportifyTests.m */,
				0D3EF28D1C0D9E5200CF7073 /* Supporting Files */,
			);
			path = SportifyTests;
			sourceTree = "<group>";
		};
		0D3EF28D1C0D9E5200CF7073 /* Supporting Files */ = {
			isa = PBXGroup;
			children = (
				0D3EF28E1C0D9E5200CF7073 /* Info.plist */,
			);
			name = "Supporting Files";
			sourceTree = "<group>";
		};
		0D3EF2991C0DB1D100CF7073 /* Classes */ = {
			isa = PBXGroup;
			children = (
				0D3EF29A1C0DB1E000CF7073 /* ViewControllers */,
			);
			path = Classes;
			sourceTree = "<group>";
		};
		0D3EF29A1C0DB1E000CF7073 /* ViewControllers */ = {
			isa = PBXGroup;
			children = (
				0D3EF2B01C0DB70000CF7073 /* AddActivity */,
				0D3EF2A61C0DB2C900CF7073 /* Login */,
				0D3EF2A21C0DB24800CF7073 /* Root */,
				0D3EF29B1C0DB1F100CF7073 /* Base */,
			);
			path = ViewControllers;
			sourceTree = "<group>";
		};
		0D3EF29B1C0DB1F100CF7073 /* Base */ = {
			isa = PBXGroup;
			children = (
				0D3EF29C1C0DB21C00CF7073 /* TTNavigationController.h */,
				0D3EF29D1C0DB21C00CF7073 /* TTNavigationController.m */,
				0D3EF29F1C0DB22B00CF7073 /* TTBaseViewController.h */,
				0D3EF2A01C0DB22B00CF7073 /* TTBaseViewController.m */,
			);
			path = Base;
			sourceTree = "<group>";
			usesTabs = 1;
		};
		0D3EF2A21C0DB24800CF7073 /* Root */ = {
			isa = PBXGroup;
			children = (
				0D3EF2A31C0DB25000CF7073 /* TTRootViewController.h */,
				0D3EF2A41C0DB25000CF7073 /* TTRootViewController.m */,
			);
			path = Root;
			sourceTree = "<group>";
		};
		0D3EF2A61C0DB2C900CF7073 /* Login */ = {
			isa = PBXGroup;
			children = (
				0D3EF2AA1C0DB2EC00CF7073 /* TTAuthenticateViewController.h */,
				0D3EF2AB1C0DB2EC00CF7073 /* TTAuthenticateViewController.m */,
				0D3EF2A71C0DB2D200CF7073 /* TTLoginViewController.h */,
				0D3EF2A81C0DB2D200CF7073 /* TTLoginViewController.m */,
				0D3EF2AD1C0DB30100CF7073 /* TTRegisterViewController.h */,
				0D3EF2AE1C0DB30100CF7073 /* TTRegisterViewController.m */,
			);
			path = Login;
			sourceTree = "<group>";
		};
		0D3EF2B01C0DB70000CF7073 /* AddActivity */ = {
			isa = PBXGroup;
			children = (
				0D3EF2B41C0DB80000CF7073 /* TTAddActivityViewController.h */,
				0D3EF2B51C0DB80000CF7073 /* TTAddActivityViewController.m */,
			);
			path = AddActivity;
			sourceTree = "<group>";
		};
		209108DCBA01E86564A08332 /* Frameworks */ = {
			isa = PBXGroup;
			children = (
				A4D0208F66C3288497A1B55B /* libPods-Sportify.a */,
			);
			name = Frameworks;
			sourceTree = "<group>";
		};
		2BE426AB02E1782F857FA9A3 /* Pods */ = {
			isa = PBXGroup;
			children = (
				CA943F2B77B5C92E685142D8 /* Pods-Sportify.debug.xcconfig */,
				3CFB77F97BF6E063210B1AB6 /* Pods-Sportify.release.xcconfig */,
			);
			name = Pods;
			sourceTree = "<group>";
		};
/* End PBXGroup section */

/* Begin PBXNativeTarget section */
		0D3EF26F1C0D9E5100CF7073 /* Sportify */ = {
			isa = PBXNativeTarget;
			buildConfigurationList = 0D3EF2931C0D9E5200CF7073 /* Build configuration list for PBXNativeTarget "Sportify" */;
			buildPhases = (
				6EBD6AAC2DA9189179606C06 /* Check Pods Manifest.lock */,
				0D3EF26C1C0D9E5100CF7073 /* Sources */,
				0D3EF26D1C0D9E5100CF7073 /* Frameworks */,
				0D3EF26E1C0D9E5100CF7073 /* Resources */,
				511BA2FC4A4FF203ED9D28E4 /* Embed Pods Frameworks */,
				C5C01CB8A45C3E5FFFD918AB /* Copy Pods Resources */,
			);
			buildRules = (
			);
			dependencies = (
			);
			name = Sportify;
			productName = Sportify;
			productReference = 0D3EF2701C0D9E5200CF7073 /* Sportify.app */;
			productType = "com.apple.product-type.application";
		};
		0D3EF2881C0D9E5200CF7073 /* SportifyTests */ = {
			isa = PBXNativeTarget;
			buildConfigurationList = 0D3EF2961C0D9E5200CF7073 /* Build configuration list for PBXNativeTarget "SportifyTests" */;
			buildPhases = (
				0D3EF2851C0D9E5200CF7073 /* Sources */,
				0D3EF2861C0D9E5200CF7073 /* Frameworks */,
				0D3EF2871C0D9E5200CF7073 /* Resources */,
			);
			buildRules = (
			);
			dependencies = (
				0D3EF28B1C0D9E5200CF7073 /* PBXTargetDependency */,
			);
			name = SportifyTests;
			productName = SportifyTests;
			productReference = 0D3EF2891C0D9E5200CF7073 /* SportifyTests.xctest */;
			productType = "com.apple.product-type.bundle.unit-test";
		};
/* End PBXNativeTarget section */

/* Begin PBXProject section */
		0D3EF2681C0D9E5100CF7073 /* Project object */ = {
			isa = PBXProject;
			attributes = {
				CLASSPREFIX = TT;
				LastUpgradeCheck = 0640;
				ORGANIZATIONNAME = Tooploox;
				TargetAttributes = {
					0D3EF26F1C0D9E5100CF7073 = {
						CreatedOnToolsVersion = 6.4;
					};
					0D3EF2881C0D9E5200CF7073 = {
						CreatedOnToolsVersion = 6.4;
						TestTargetID = 0D3EF26F1C0D9E5100CF7073;
					};
				};
			};
			buildConfigurationList = 0D3EF26B1C0D9E5100CF7073 /* Build configuration list for PBXProject "Sportify" */;
			compatibilityVersion = "Xcode 3.2";
			developmentRegion = English;
			hasScannedForEncodings = 0;
			knownRegions = (
				en,
				Base,
			);
			mainGroup = 0D3EF2671C0D9E5100CF7073;
			productRefGroup = 0D3EF2711C0D9E5200CF7073 /* Products */;
			projectDirPath = "";
			projectRoot = "";
			targets = (
				0D3EF26F1C0D9E5100CF7073 /* Sportify */,
				0D3EF2881C0D9E5200CF7073 /* SportifyTests */,
			);
		};
/* End PBXProject section */

/* Begin PBXResourcesBuildPhase section */
		0D3EF26E1C0D9E5100CF7073 /* Resources */ = {
			isa = PBXResourcesBuildPhase;
			buildActionMask = 2147483647;
			files = (
				0D3EF27F1C0D9E5200CF7073 /* Main.storyboard in Resources */,
				0D3EF2841C0D9E5200CF7073 /* LaunchScreen.xib in Resources */,
				0D3EF2811C0D9E5200CF7073 /* Images.xcassets in Resources */,
			);
			runOnlyForDeploymentPostprocessing = 0;
		};
		0D3EF2871C0D9E5200CF7073 /* Resources */ = {
			isa = PBXResourcesBuildPhase;
			buildActionMask = 2147483647;
			files = (
			);
			runOnlyForDeploymentPostprocessing = 0;
		};
/* End PBXResourcesBuildPhase section */

/* Begin PBXShellScriptBuildPhase section */
		511BA2FC4A4FF203ED9D28E4 /* Embed Pods Frameworks */ = {
			isa = PBXShellScriptBuildPhase;
			buildActionMask = 2147483647;
			files = (
			);
			inputPaths = (
			);
			name = "Embed Pods Frameworks";
			outputPaths = (
			);
			runOnlyForDeploymentPostprocessing = 0;
			shellPath = /bin/sh;
			shellScript = "\"${SRCROOT}/Pods/Target Support Files/Pods-Sportify/Pods-Sportify-frameworks.sh\"\n";
			showEnvVarsInLog = 0;
		};
		6EBD6AAC2DA9189179606C06 /* Check Pods Manifest.lock */ = {
			isa = PBXShellScriptBuildPhase;
			buildActionMask = 2147483647;
			files = (
			);
			inputPaths = (
			);
			name = "Check Pods Manifest.lock";
			outputPaths = (
			);
			runOnlyForDeploymentPostprocessing = 0;
			shellPath = /bin/sh;
			shellScript = "diff \"${PODS_ROOT}/../Podfile.lock\" \"${PODS_ROOT}/Manifest.lock\" > /dev/null\nif [[ $? != 0 ]] ; then\n    cat << EOM\nerror: The sandbox is not in sync with the Podfile.lock. Run 'pod install' or update your CocoaPods installation.\nEOM\n    exit 1\nfi\n";
			showEnvVarsInLog = 0;
		};
		C5C01CB8A45C3E5FFFD918AB /* Copy Pods Resources */ = {
			isa = PBXShellScriptBuildPhase;
			buildActionMask = 2147483647;
			files = (
			);
			inputPaths = (
			);
			name = "Copy Pods Resources";
			outputPaths = (
			);
			runOnlyForDeploymentPostprocessing = 0;
			shellPath = /bin/sh;
			shellScript = "\"${SRCROOT}/Pods/Target Support Files/Pods-Sportify/Pods-Sportify-resources.sh\"\n";
			showEnvVarsInLog = 0;
		};
/* End PBXShellScriptBuildPhase section */

/* Begin PBXSourcesBuildPhase section */
		0D3EF26C1C0D9E5100CF7073 /* Sources */ = {
			isa = PBXSourcesBuildPhase;
			buildActionMask = 2147483647;
			files = (
				0D3EF2A91C0DB2D200CF7073 /* TTLoginViewController.m in Sources */,
				0D3EF2AF1C0DB30100CF7073 /* TTRegisterViewController.m in Sources */,
				0D3EF29E1C0DB21C00CF7073 /* TTNavigationController.m in Sources */,
				0D3EF2791C0D9E5200CF7073 /* AppDelegate.m in Sources */,
				0D3EF2AC1C0DB2EC00CF7073 /* TTAuthenticateViewController.m in Sources */,
				0D3EF2A51C0DB25000CF7073 /* TTRootViewController.m in Sources */,
				0D3EF2B61C0DB80000CF7073 /* TTAddActivityViewController.m in Sources */,
				0D3EF2761C0D9E5200CF7073 /* main.m in Sources */,
				0D3EF2A11C0DB22B00CF7073 /* TTBaseViewController.m in Sources */,
			);
			runOnlyForDeploymentPostprocessing = 0;
		};
		0D3EF2851C0D9E5200CF7073 /* Sources */ = {
			isa = PBXSourcesBuildPhase;
			buildActionMask = 2147483647;
			files = (
				0D3EF2901C0D9E5200CF7073 /* SportifyTests.m in Sources */,
			);
			runOnlyForDeploymentPostprocessing = 0;
		};
/* End PBXSourcesBuildPhase section */

/* Begin PBXTargetDependency section */
		0D3EF28B1C0D9E5200CF7073 /* PBXTargetDependency */ = {
			isa = PBXTargetDependency;
			target = 0D3EF26F1C0D9E5100CF7073 /* Sportify */;
			targetProxy = 0D3EF28A1C0D9E5200CF7073 /* PBXContainerItemProxy */;
		};
/* End PBXTargetDependency section */

/* Begin PBXVariantGroup section */
		0D3EF27D1C0D9E5200CF7073 /* Main.storyboard */ = {
			isa = PBXVariantGroup;
			children = (
				0D3EF27E1C0D9E5200CF7073 /* Base */,
			);
			name = Main.storyboard;
			sourceTree = "<group>";
		};
		0D3EF2821C0D9E5200CF7073 /* LaunchScreen.xib */ = {
			isa = PBXVariantGroup;
			children = (
				0D3EF2831C0D9E5200CF7073 /* Base */,
			);
			name = LaunchScreen.xib;
			sourceTree = "<group>";
		};
/* End PBXVariantGroup section */

/* Begin XCBuildConfiguration section */
		0D3EF2911C0D9E5200CF7073 /* Debug */ = {
			isa = XCBuildConfiguration;
			buildSettings = {
				ALWAYS_SEARCH_USER_PATHS = NO;
				CLANG_CXX_LANGUAGE_STANDARD = "gnu++0x";
				CLANG_CXX_LIBRARY = "libc++";
				CLANG_ENABLE_MODULES = YES;
				CLANG_ENABLE_OBJC_ARC = YES;
				CLANG_WARN_BOOL_CONVERSION = YES;
				CLANG_WARN_CONSTANT_CONVERSION = YES;
				CLANG_WARN_DIRECT_OBJC_ISA_USAGE = YES_ERROR;
				CLANG_WARN_EMPTY_BODY = YES;
				CLANG_WARN_ENUM_CONVERSION = YES;
				CLANG_WARN_INT_CONVERSION = YES;
				CLANG_WARN_OBJC_ROOT_CLASS = YES_ERROR;
				CLANG_WARN_UNREACHABLE_CODE = YES;
				CLANG_WARN__DUPLICATE_METHOD_MATCH = YES;
				"CODE_SIGN_IDENTITY[sdk=iphoneos*]" = "iPhone Developer";
				COPY_PHASE_STRIP = NO;
				DEBUG_INFORMATION_FORMAT = "dwarf-with-dsym";
				ENABLE_STRICT_OBJC_MSGSEND = YES;
				GCC_C_LANGUAGE_STANDARD = gnu99;
				GCC_DYNAMIC_NO_PIC = NO;
				GCC_NO_COMMON_BLOCKS = YES;
				GCC_OPTIMIZATION_LEVEL = 0;
				GCC_PREPROCESSOR_DEFINITIONS = (
					"DEBUG=1",
					"$(inherited)",
				);
				GCC_SYMBOLS_PRIVATE_EXTERN = NO;
				GCC_WARN_64_TO_32_BIT_CONVERSION = YES;
				GCC_WARN_ABOUT_RETURN_TYPE = YES_ERROR;
				GCC_WARN_UNDECLARED_SELECTOR = YES;
				GCC_WARN_UNINITIALIZED_AUTOS = YES_AGGRESSIVE;
				GCC_WARN_UNUSED_FUNCTION = YES;
				GCC_WARN_UNUSED_VARIABLE = YES;
				IPHONEOS_DEPLOYMENT_TARGET = 8.4;
				MTL_ENABLE_DEBUG_INFO = YES;
				ONLY_ACTIVE_ARCH = YES;
				SDKROOT = iphoneos;
				TARGETED_DEVICE_FAMILY = "1,2";
			};
			name = Debug;
		};
		0D3EF2921C0D9E5200CF7073 /* Release */ = {
			isa = XCBuildConfiguration;
			buildSettings = {
				ALWAYS_SEARCH_USER_PATHS = NO;
				CLANG_CXX_LANGUAGE_STANDARD = "gnu++0x";
				CLANG_CXX_LIBRARY = "libc++";
				CLANG_ENABLE_MODULES = YES;
				CLANG_ENABLE_OBJC_ARC = YES;
				CLANG_WARN_BOOL_CONVERSION = YES;
				CLANG_WARN_CONSTANT_CONVERSION = YES;
				CLANG_WARN_DIRECT_OBJC_ISA_USAGE = YES_ERROR;
				CLANG_WARN_EMPTY_BODY = YES;
				CLANG_WARN_ENUM_CONVERSION = YES;
				CLANG_WARN_INT_CONVERSION = YES;
				CLANG_WARN_OBJC_ROOT_CLASS = YES_ERROR;
				CLANG_WARN_UNREACHABLE_CODE = YES;
				CLANG_WARN__DUPLICATE_METHOD_MATCH = YES;
				"CODE_SIGN_IDENTITY[sdk=iphoneos*]" = "iPhone Developer";
				COPY_PHASE_STRIP = NO;
				DEBUG_INFORMATION_FORMAT = "dwarf-with-dsym";
				ENABLE_NS_ASSERTIONS = NO;
				ENABLE_STRICT_OBJC_MSGSEND = YES;
				GCC_C_LANGUAGE_STANDARD = gnu99;
				GCC_NO_COMMON_BLOCKS = YES;
				GCC_WARN_64_TO_32_BIT_CONVERSION = YES;
				GCC_WARN_ABOUT_RETURN_TYPE = YES_ERROR;
				GCC_WARN_UNDECLARED_SELECTOR = YES;
				GCC_WARN_UNINITIALIZED_AUTOS = YES_AGGRESSIVE;
				GCC_WARN_UNUSED_FUNCTION = YES;
				GCC_WARN_UNUSED_VARIABLE = YES;
				IPHONEOS_DEPLOYMENT_TARGET = 8.4;
				MTL_ENABLE_DEBUG_INFO = NO;
				SDKROOT = iphoneos;
				TARGETED_DEVICE_FAMILY = "1,2";
				VALIDATE_PRODUCT = YES;
			};
			name = Release;
		};
		0D3EF2941C0D9E5200CF7073 /* Debug */ = {
			isa = XCBuildConfiguration;
			baseConfigurationReference = CA943F2B77B5C92E685142D8 /* Pods-Sportify.debug.xcconfig */;
			buildSettings = {
				ASSETCATALOG_COMPILER_APPICON_NAME = AppIcon;
				INFOPLIST_FILE = Sportify/Info.plist;
				IPHONEOS_DEPLOYMENT_TARGET = 7.0;
				LD_RUNPATH_SEARCH_PATHS = "$(inherited) @executable_path/Frameworks";
				PRODUCT_NAME = "$(TARGET_NAME)";
			};
			name = Debug;
		};
		0D3EF2951C0D9E5200CF7073 /* Release */ = {
			isa = XCBuildConfiguration;
			baseConfigurationReference = 3CFB77F97BF6E063210B1AB6 /* Pods-Sportify.release.xcconfig */;
			buildSettings = {
				ASSETCATALOG_COMPILER_APPICON_NAME = AppIcon;
				INFOPLIST_FILE = Sportify/Info.plist;
				IPHONEOS_DEPLOYMENT_TARGET = 7.0;
				LD_RUNPATH_SEARCH_PATHS = "$(inherited) @executable_path/Frameworks";
				PRODUCT_NAME = "$(TARGET_NAME)";
			};
			name = Release;
		};
		0D3EF2971C0D9E5200CF7073 /* Debug */ = {
			isa = XCBuildConfiguration;
			buildSettings = {
				BUNDLE_LOADER = "$(TEST_HOST)";
				FRAMEWORK_SEARCH_PATHS = (
					"$(SDKROOT)/Developer/Library/Frameworks",
					"$(inherited)",
				);
				GCC_PREPROCESSOR_DEFINITIONS = (
					"DEBUG=1",
					"$(inherited)",
				);
				INFOPLIST_FILE = SportifyTests/Info.plist;
				LD_RUNPATH_SEARCH_PATHS = "$(inherited) @executable_path/Frameworks @loader_path/Frameworks";
				PRODUCT_NAME = "$(TARGET_NAME)";
				TEST_HOST = "$(BUILT_PRODUCTS_DIR)/Sportify.app/Sportify";
			};
			name = Debug;
		};
		0D3EF2981C0D9E5200CF7073 /* Release */ = {
			isa = XCBuildConfiguration;
			buildSettings = {
				BUNDLE_LOADER = "$(TEST_HOST)";
				FRAMEWORK_SEARCH_PATHS = (
					"$(SDKROOT)/Developer/Library/Frameworks",
					"$(inherited)",
				);
				INFOPLIST_FILE = SportifyTests/Info.plist;
				LD_RUNPATH_SEARCH_PATHS = "$(inherited) @executable_path/Frameworks @loader_path/Frameworks";
				PRODUCT_NAME = "$(TARGET_NAME)";
				TEST_HOST = "$(BUILT_PRODUCTS_DIR)/Sportify.app/Sportify";
			};
			name = Release;
		};
/* End XCBuildConfiguration section */

/* Begin XCConfigurationList section */
		0D3EF26B1C0D9E5100CF7073 /* Build configuration list for PBXProject "Sportify" */ = {
			isa = XCConfigurationList;
			buildConfigurations = (
				0D3EF2911C0D9E5200CF7073 /* Debug */,
				0D3EF2921C0D9E5200CF7073 /* Release */,
			);
			defaultConfigurationIsVisible = 0;
			defaultConfigurationName = Release;
		};
		0D3EF2931C0D9E5200CF7073 /* Build configuration list for PBXNativeTarget "Sportify" */ = {
			isa = XCConfigurationList;
			buildConfigurations = (
				0D3EF2941C0D9E5200CF7073 /* Debug */,
				0D3EF2951C0D9E5200CF7073 /* Release */,
			);
			defaultConfigurationIsVisible = 0;
			defaultConfigurationName = Release;
		};
		0D3EF2961C0D9E5200CF7073 /* Build configuration list for PBXNativeTarget "SportifyTests" */ = {
			isa = XCConfigurationList;
			buildConfigurations = (
				0D3EF2971C0D9E5200CF7073 /* Debug */,
				0D3EF2981C0D9E5200CF7073 /* Release */,
			);
			defaultConfigurationIsVisible = 0;
			defaultConfigurationName = Release;
		};
/* End XCConfigurationList section */
	};
	rootObject = 0D3EF2681C0D9E5100CF7073 /* Project object */;
}
